// !$*UTF8*$!
{
	archiveVersion = 1;
	classes = {
	};
	objectVersion = 46;
	objects = {

/* Begin PBXBuildFile section */
		10F2BCCE1A5B9EA900A0D26C /* ReactorTests.m in Sources */ = {isa = PBXBuildFile; fileRef = 10F2BCCD1A5B9EA900A0D26C /* ReactorTests.m */; };
		10F2BCE11A5B9F2300A0D26C /* LaunchScreen.xib in Resources */ = {isa = PBXBuildFile; fileRef = 10F2BCD91A5B9F2300A0D26C /* LaunchScreen.xib */; };
		10F2BCE21A5B9F2300A0D26C /* main.m in Sources */ = {isa = PBXBuildFile; fileRef = 10F2BCDA1A5B9F2300A0D26C /* main.m */; };
		10F2BCE31A5B9F2300A0D26C /* MTRAppDelegate.m in Sources */ = {isa = PBXBuildFile; fileRef = 10F2BCDC1A5B9F2300A0D26C /* MTRAppDelegate.m */; };
		10F2BCE41A5B9F2300A0D26C /* MTRMainStoryboard.storyboard in Resources */ = {isa = PBXBuildFile; fileRef = 10F2BCDD1A5B9F2300A0D26C /* MTRMainStoryboard.storyboard */; };
		10F2BCE51A5B9F2300A0D26C /* MTRViewController.m in Sources */ = {isa = PBXBuildFile; fileRef = 10F2BCDF1A5B9F2300A0D26C /* MTRViewController.m */; };
		10F2BCE81A5BA03F00A0D26C /* MTRReactor.m in Sources */ = {isa = PBXBuildFile; fileRef = 10F2BCE71A5BA03F00A0D26C /* MTRReactor.m */; };
		10F2BCEB1A5BA04F00A0D26C /* MTRDependency.m in Sources */ = {isa = PBXBuildFile; fileRef = 10F2BCEA1A5BA04F00A0D26C /* MTRDependency.m */; };
		10F2BCEE1A5BA05800A0D26C /* MTRComputation.m in Sources */ = {isa = PBXBuildFile; fileRef = 10F2BCED1A5BA05800A0D26C /* MTRComputation.m */; };
		FBBB434C1A682B4600D500D8 /* MTRReactiveEngine.m in Sources */ = {isa = PBXBuildFile; fileRef = FBBB434B1A682B4600D500D8 /* MTRReactiveEngine.m */; };
		FBBB434F1A68310A00D500D8 /* MTRPerson.m in Sources */ = {isa = PBXBuildFile; fileRef = FBBB434E1A68310A00D500D8 /* MTRPerson.m */; };
/* End PBXBuildFile section */

/* Begin PBXContainerItemProxy section */
		10F2BCC81A5B9EA900A0D26C /* PBXContainerItemProxy */ = {
			isa = PBXContainerItemProxy;
			containerPortal = 10F2BCA61A5B9EA900A0D26C /* Project object */;
			proxyType = 1;
			remoteGlobalIDString = 10F2BCAD1A5B9EA900A0D26C;
			remoteInfo = Reactor;
		};
/* End PBXContainerItemProxy section */

/* Begin PBXFileReference section */
		10F2BCAE1A5B9EA900A0D26C /* Reactor.app */ = {isa = PBXFileReference; explicitFileType = wrapper.application; includeInIndex = 0; path = Reactor.app; sourceTree = BUILT_PRODUCTS_DIR; };
		10F2BCC71A5B9EA900A0D26C /* ReactorTests.xctest */ = {isa = PBXFileReference; explicitFileType = wrapper.cfbundle; includeInIndex = 0; path = ReactorTests.xctest; sourceTree = BUILT_PRODUCTS_DIR; };
		10F2BCCC1A5B9EA900A0D26C /* Info.plist */ = {isa = PBXFileReference; lastKnownFileType = text.plist.xml; path = Info.plist; sourceTree = "<group>"; };
		10F2BCCD1A5B9EA900A0D26C /* ReactorTests.m */ = {isa = PBXFileReference; lastKnownFileType = sourcecode.c.objc; path = ReactorTests.m; sourceTree = "<group>"; };
		10F2BCD81A5B9F2300A0D26C /* Info.plist */ = {isa = PBXFileReference; fileEncoding = 4; lastKnownFileType = text.plist.xml; path = Info.plist; sourceTree = "<group>"; };
		10F2BCD91A5B9F2300A0D26C /* LaunchScreen.xib */ = {isa = PBXFileReference; fileEncoding = 4; lastKnownFileType = file.xib; path = LaunchScreen.xib; sourceTree = "<group>"; };
		10F2BCDA1A5B9F2300A0D26C /* main.m */ = {isa = PBXFileReference; fileEncoding = 4; lastKnownFileType = sourcecode.c.objc; path = main.m; sourceTree = "<group>"; };
		10F2BCDB1A5B9F2300A0D26C /* MTRAppDelegate.h */ = {isa = PBXFileReference; fileEncoding = 4; lastKnownFileType = sourcecode.c.h; path = MTRAppDelegate.h; sourceTree = "<group>"; };
		10F2BCDC1A5B9F2300A0D26C /* MTRAppDelegate.m */ = {isa = PBXFileReference; fileEncoding = 4; lastKnownFileType = sourcecode.c.objc; path = MTRAppDelegate.m; sourceTree = "<group>"; };
		10F2BCDD1A5B9F2300A0D26C /* MTRMainStoryboard.storyboard */ = {isa = PBXFileReference; fileEncoding = 4; lastKnownFileType = file.storyboard; path = MTRMainStoryboard.storyboard; sourceTree = "<group>"; };
		10F2BCDE1A5B9F2300A0D26C /* MTRViewController.h */ = {isa = PBXFileReference; fileEncoding = 4; lastKnownFileType = sourcecode.c.h; path = MTRViewController.h; sourceTree = "<group>"; };
		10F2BCDF1A5B9F2300A0D26C /* MTRViewController.m */ = {isa = PBXFileReference; fileEncoding = 4; lastKnownFileType = sourcecode.c.objc; path = MTRViewController.m; sourceTree = "<group>"; };
		10F2BCE61A5BA03F00A0D26C /* MTRReactor.h */ = {isa = PBXFileReference; fileEncoding = 4; lastKnownFileType = sourcecode.c.h; path = MTRReactor.h; sourceTree = "<group>"; };
		10F2BCE71A5BA03F00A0D26C /* MTRReactor.m */ = {isa = PBXFileReference; fileEncoding = 4; lastKnownFileType = sourcecode.c.objc; path = MTRReactor.m; sourceTree = "<group>"; };
		10F2BCE91A5BA04F00A0D26C /* MTRDependency.h */ = {isa = PBXFileReference; fileEncoding = 4; lastKnownFileType = sourcecode.c.h; path = MTRDependency.h; sourceTree = "<group>"; };
		10F2BCEA1A5BA04F00A0D26C /* MTRDependency.m */ = {isa = PBXFileReference; fileEncoding = 4; lastKnownFileType = sourcecode.c.objc; path = MTRDependency.m; sourceTree = "<group>"; };
		10F2BCEC1A5BA05800A0D26C /* MTRComputation.h */ = {isa = PBXFileReference; fileEncoding = 4; lastKnownFileType = sourcecode.c.h; path = MTRComputation.h; sourceTree = "<group>"; };
		10F2BCED1A5BA05800A0D26C /* MTRComputation.m */ = {isa = PBXFileReference; fileEncoding = 4; lastKnownFileType = sourcecode.c.objc; path = MTRComputation.m; sourceTree = "<group>"; };
		10F2BCEF1A5BA07500A0D26C /* MTRReactor_Private.h */ = {isa = PBXFileReference; fileEncoding = 4; lastKnownFileType = sourcecode.c.h; path = MTRReactor_Private.h; sourceTree = "<group>"; };
		FB3225721A5DEA0B005015BE /* MTRComputation_Private.h */ = {isa = PBXFileReference; fileEncoding = 4; lastKnownFileType = sourcecode.c.h; path = MTRComputation_Private.h; sourceTree = "<group>"; };
		FB3225731A5DF0B2005015BE /* Reactor.h */ = {isa = PBXFileReference; lastKnownFileType = sourcecode.c.h; path = Reactor.h; sourceTree = "<group>"; };
		FBBB43491A682A6500D500D8 /* MTRReactive.h */ = {isa = PBXFileReference; fileEncoding = 4; lastKnownFileType = sourcecode.c.h; path = MTRReactive.h; sourceTree = "<group>"; };
		FBBB434A1A682B4600D500D8 /* MTRReactiveEngine.h */ = {isa = PBXFileReference; fileEncoding = 4; lastKnownFileType = sourcecode.c.h; path = MTRReactiveEngine.h; sourceTree = "<group>"; };
		FBBB434B1A682B4600D500D8 /* MTRReactiveEngine.m */ = {isa = PBXFileReference; fileEncoding = 4; lastKnownFileType = sourcecode.c.objc; path = MTRReactiveEngine.m; sourceTree = "<group>"; };
		FBBB434D1A68310A00D500D8 /* MTRPerson.h */ = {isa = PBXFileReference; fileEncoding = 4; lastKnownFileType = sourcecode.c.h; path = MTRPerson.h; sourceTree = "<group>"; };
		FBBB434E1A68310A00D500D8 /* MTRPerson.m */ = {isa = PBXFileReference; fileEncoding = 4; lastKnownFileType = sourcecode.c.objc; path = MTRPerson.m; sourceTree = "<group>"; };
/* End PBXFileReference section */

/* Begin PBXFrameworksBuildPhase section */
		10F2BCAB1A5B9EA900A0D26C /* Frameworks */ = {
			isa = PBXFrameworksBuildPhase;
			buildActionMask = 2147483647;
			files = (
			);
			runOnlyForDeploymentPostprocessing = 0;
		};
		10F2BCC41A5B9EA900A0D26C /* Frameworks */ = {
			isa = PBXFrameworksBuildPhase;
			buildActionMask = 2147483647;
			files = (
			);
			runOnlyForDeploymentPostprocessing = 0;
		};
/* End PBXFrameworksBuildPhase section */

/* Begin PBXGroup section */
		10F2BCA51A5B9EA900A0D26C = {
			isa = PBXGroup;
			children = (
				10F2BCB01A5B9EA900A0D26C /* Reactor */,
				10F2BCD71A5B9F0800A0D26C /* Demo */,
				10F2BCCA1A5B9EA900A0D26C /* ReactorTests */,
				10F2BCAF1A5B9EA900A0D26C /* Products */,
			);
			sourceTree = "<group>";
		};
		10F2BCAF1A5B9EA900A0D26C /* Products */ = {
			isa = PBXGroup;
			children = (
				10F2BCAE1A5B9EA900A0D26C /* Reactor.app */,
				10F2BCC71A5B9EA900A0D26C /* ReactorTests.xctest */,
			);
			name = Products;
			sourceTree = "<group>";
		};
		10F2BCB01A5B9EA900A0D26C /* Reactor */ = {
			isa = PBXGroup;
			children = (
				FB3225731A5DF0B2005015BE /* Reactor.h */,
				10F2BCE61A5BA03F00A0D26C /* MTRReactor.h */,
				10F2BCE71A5BA03F00A0D26C /* MTRReactor.m */,
				10F2BCEF1A5BA07500A0D26C /* MTRReactor_Private.h */,
				10F2BCE91A5BA04F00A0D26C /* MTRDependency.h */,
				10F2BCEA1A5BA04F00A0D26C /* MTRDependency.m */,
				10F2BCEC1A5BA05800A0D26C /* MTRComputation.h */,
				10F2BCED1A5BA05800A0D26C /* MTRComputation.m */,
				FB3225721A5DEA0B005015BE /* MTRComputation_Private.h */,
				FBBB43491A682A6500D500D8 /* MTRReactive.h */,
				FBBB434A1A682B4600D500D8 /* MTRReactiveEngine.h */,
				FBBB434B1A682B4600D500D8 /* MTRReactiveEngine.m */,
			);
			path = Reactor;
			sourceTree = "<group>";
		};
		10F2BCCA1A5B9EA900A0D26C /* ReactorTests */ = {
			isa = PBXGroup;
			children = (
				10F2BCCD1A5B9EA900A0D26C /* ReactorTests.m */,
				10F2BCCB1A5B9EA900A0D26C /* Supporting Files */,
			);
			path = ReactorTests;
			sourceTree = "<group>";
		};
		10F2BCCB1A5B9EA900A0D26C /* Supporting Files */ = {
			isa = PBXGroup;
			children = (
				10F2BCCC1A5B9EA900A0D26C /* Info.plist */,
			);
			name = "Supporting Files";
			sourceTree = "<group>";
		};
		10F2BCD71A5B9F0800A0D26C /* Demo */ = {
			isa = PBXGroup;
			children = (
				10F2BCDB1A5B9F2300A0D26C /* MTRAppDelegate.h */,
				10F2BCDC1A5B9F2300A0D26C /* MTRAppDelegate.m */,
				10F2BCDE1A5B9F2300A0D26C /* MTRViewController.h */,
				10F2BCDF1A5B9F2300A0D26C /* MTRViewController.m */,
				FBBB434D1A68310A00D500D8 /* MTRPerson.h */,
				FBBB434E1A68310A00D500D8 /* MTRPerson.m */,
				10F2BCDD1A5B9F2300A0D26C /* MTRMainStoryboard.storyboard */,
				10F2BCD91A5B9F2300A0D26C /* LaunchScreen.xib */,
				10F2BCDA1A5B9F2300A0D26C /* main.m */,
				10F2BCD81A5B9F2300A0D26C /* Info.plist */,
			);
			path = Demo;
			sourceTree = "<group>";
		};
/* End PBXGroup section */

/* Begin PBXNativeTarget section */
		10F2BCAD1A5B9EA900A0D26C /* Reactor */ = {
			isa = PBXNativeTarget;
			buildConfigurationList = 10F2BCD11A5B9EA900A0D26C /* Build configuration list for PBXNativeTarget "Reactor" */;
			buildPhases = (
				10F2BCAA1A5B9EA900A0D26C /* Sources */,
				10F2BCAB1A5B9EA900A0D26C /* Frameworks */,
				10F2BCAC1A5B9EA900A0D26C /* Resources */,
			);
			buildRules = (
			);
			dependencies = (
			);
			name = Reactor;
			productName = Reactor;
			productReference = 10F2BCAE1A5B9EA900A0D26C /* Reactor.app */;
			productType = "com.apple.product-type.application";
		};
		10F2BCC61A5B9EA900A0D26C /* ReactorTests */ = {
			isa = PBXNativeTarget;
			buildConfigurationList = 10F2BCD41A5B9EA900A0D26C /* Build configuration list for PBXNativeTarget "ReactorTests" */;
			buildPhases = (
				10F2BCC31A5B9EA900A0D26C /* Sources */,
				10F2BCC41A5B9EA900A0D26C /* Frameworks */,
				10F2BCC51A5B9EA900A0D26C /* Resources */,
			);
			buildRules = (
			);
			dependencies = (
				10F2BCC91A5B9EA900A0D26C /* PBXTargetDependency */,
			);
			name = ReactorTests;
			productName = ReactorTests;
			productReference = 10F2BCC71A5B9EA900A0D26C /* ReactorTests.xctest */;
			productType = "com.apple.product-type.bundle.unit-test";
		};
/* End PBXNativeTarget section */

/* Begin PBXProject section */
		10F2BCA61A5B9EA900A0D26C /* Project object */ = {
			isa = PBXProject;
			attributes = {
				LastUpgradeCheck = 0610;
				ORGANIZATIONNAME = cobb;
				TargetAttributes = {
					10F2BCAD1A5B9EA900A0D26C = {
						CreatedOnToolsVersion = 6.1.1;
					};
					10F2BCC61A5B9EA900A0D26C = {
						CreatedOnToolsVersion = 6.1.1;
						TestTargetID = 10F2BCAD1A5B9EA900A0D26C;
					};
				};
			};
			buildConfigurationList = 10F2BCA91A5B9EA900A0D26C /* Build configuration list for PBXProject "Reactor" */;
			compatibilityVersion = "Xcode 3.2";
			developmentRegion = English;
			hasScannedForEncodings = 0;
			knownRegions = (
				en,
				Base,
			);
			mainGroup = 10F2BCA51A5B9EA900A0D26C;
			productRefGroup = 10F2BCAF1A5B9EA900A0D26C /* Products */;
			projectDirPath = "";
			projectRoot = "";
			targets = (
				10F2BCAD1A5B9EA900A0D26C /* Reactor */,
				10F2BCC61A5B9EA900A0D26C /* ReactorTests */,
			);
		};
/* End PBXProject section */

/* Begin PBXResourcesBuildPhase section */
		10F2BCAC1A5B9EA900A0D26C /* Resources */ = {
			isa = PBXResourcesBuildPhase;
			buildActionMask = 2147483647;
			files = (
				10F2BCE11A5B9F2300A0D26C /* LaunchScreen.xib in Resources */,
				10F2BCE41A5B9F2300A0D26C /* MTRMainStoryboard.storyboard in Resources */,
			);
			runOnlyForDeploymentPostprocessing = 0;
		};
		10F2BCC51A5B9EA900A0D26C /* Resources */ = {
			isa = PBXResourcesBuildPhase;
			buildActionMask = 2147483647;
			files = (
			);
			runOnlyForDeploymentPostprocessing = 0;
		};
/* End PBXResourcesBuildPhase section */

/* Begin PBXSourcesBuildPhase section */
		10F2BCAA1A5B9EA900A0D26C /* Sources */ = {
			isa = PBXSourcesBuildPhase;
			buildActionMask = 2147483647;
			files = (
				10F2BCE31A5B9F2300A0D26C /* MTRAppDelegate.m in Sources */,
				10F2BCEE1A5BA05800A0D26C /* MTRComputation.m in Sources */,
				10F2BCE21A5B9F2300A0D26C /* main.m in Sources */,
				10F2BCE81A5BA03F00A0D26C /* MTRReactor.m in Sources */,
				FBBB434F1A68310A00D500D8 /* MTRPerson.m in Sources */,
				10F2BCE51A5B9F2300A0D26C /* MTRViewController.m in Sources */,
				FBBB434C1A682B4600D500D8 /* MTRReactiveEngine.m in Sources */,
				10F2BCEB1A5BA04F00A0D26C /* MTRDependency.m in Sources */,
			);
			runOnlyForDeploymentPostprocessing = 0;
		};
		10F2BCC31A5B9EA900A0D26C /* Sources */ = {
			isa = PBXSourcesBuildPhase;
			buildActionMask = 2147483647;
			files = (
				10F2BCCE1A5B9EA900A0D26C /* ReactorTests.m in Sources */,
			);
			runOnlyForDeploymentPostprocessing = 0;
		};
/* End PBXSourcesBuildPhase section */

/* Begin PBXTargetDependency section */
		10F2BCC91A5B9EA900A0D26C /* PBXTargetDependency */ = {
			isa = PBXTargetDependency;
			target = 10F2BCAD1A5B9EA900A0D26C /* Reactor */;
			targetProxy = 10F2BCC81A5B9EA900A0D26C /* PBXContainerItemProxy */;
		};
/* End PBXTargetDependency section */

/* Begin XCBuildConfiguration section */
		10F2BCCF1A5B9EA900A0D26C /* Debug */ = {
			isa = XCBuildConfiguration;
			buildSettings = {
				ALWAYS_SEARCH_USER_PATHS = NO;
				CLANG_CXX_LANGUAGE_STANDARD = "gnu++0x";
				CLANG_CXX_LIBRARY = "libc++";
				CLANG_ENABLE_MODULES = YES;
				CLANG_ENABLE_OBJC_ARC = YES;
				CLANG_WARN_BOOL_CONVERSION = YES;
				CLANG_WARN_CONSTANT_CONVERSION = YES;
				CLANG_WARN_DIRECT_OBJC_ISA_USAGE = YES_ERROR;
				CLANG_WARN_EMPTY_BODY = YES;
				CLANG_WARN_ENUM_CONVERSION = YES;
				CLANG_WARN_INT_CONVERSION = YES;
				CLANG_WARN_OBJC_ROOT_CLASS = YES_ERROR;
				CLANG_WARN_UNREACHABLE_CODE = YES;
				CLANG_WARN__DUPLICATE_METHOD_MATCH = YES;
				"CODE_SIGN_IDENTITY[sdk=iphoneos*]" = "iPhone Developer";
				COPY_PHASE_STRIP = NO;
				ENABLE_STRICT_OBJC_MSGSEND = YES;
				GCC_C_LANGUAGE_STANDARD = gnu99;
				GCC_DYNAMIC_NO_PIC = NO;
				GCC_OPTIMIZATION_LEVEL = 0;
				GCC_PREPROCESSOR_DEFINITIONS = (
					"DEBUG=1",
					"$(inherited)",
				);
				GCC_SYMBOLS_PRIVATE_EXTERN = NO;
				GCC_WARN_64_TO_32_BIT_CONVERSION = YES;
				GCC_WARN_ABOUT_RETURN_TYPE = YES_ERROR;
				GCC_WARN_UNDECLARED_SELECTOR = YES;
				GCC_WARN_UNINITIALIZED_AUTOS = YES_AGGRESSIVE;
				GCC_WARN_UNUSED_FUNCTION = YES;
				GCC_WARN_UNUSED_VARIABLE = YES;
				IPHONEOS_DEPLOYMENT_TARGET = 8.1;
				MTL_ENABLE_DEBUG_INFO = YES;
				ONLY_ACTIVE_ARCH = YES;
				SDKROOT = iphoneos;
			};
			name = Debug;
		};
		10F2BCD01A5B9EA900A0D26C /* Release */ = {
			isa = XCBuildConfiguration;
			buildSettings = {
				ALWAYS_SEARCH_USER_PATHS = NO;
				CLANG_CXX_LANGUAGE_STANDARD = "gnu++0x";
				CLANG_CXX_LIBRARY = "libc++";
				CLANG_ENABLE_MODULES = YES;
				CLANG_ENABLE_OBJC_ARC = YES;
				CLANG_WARN_BOOL_CONVERSION = YES;
				CLANG_WARN_CONSTANT_CONVERSION = YES;
				CLANG_WARN_DIRECT_OBJC_ISA_USAGE = YES_ERROR;
				CLANG_WARN_EMPTY_BODY = YES;
				CLANG_WARN_ENUM_CONVERSION = YES;
				CLANG_WARN_INT_CONVERSION = YES;
				CLANG_WARN_OBJC_ROOT_CLASS = YES_ERROR;
				CLANG_WARN_UNREACHABLE_CODE = YES;
				CLANG_WARN__DUPLICATE_METHOD_MATCH = YES;
				"CODE_SIGN_IDENTITY[sdk=iphoneos*]" = "iPhone Developer";
				COPY_PHASE_STRIP = YES;
				ENABLE_NS_ASSERTIONS = NO;
				ENABLE_STRICT_OBJC_MSGSEND = YES;
				GCC_C_LANGUAGE_STANDARD = gnu99;
				GCC_WARN_64_TO_32_BIT_CONVERSION = YES;
				GCC_WARN_ABOUT_RETURN_TYPE = YES_ERROR;
				GCC_WARN_UNDECLARED_SELECTOR = YES;
				GCC_WARN_UNINITIALIZED_AUTOS = YES_AGGRESSIVE;
				GCC_WARN_UNUSED_FUNCTION = YES;
				GCC_WARN_UNUSED_VARIABLE = YES;
				IPHONEOS_DEPLOYMENT_TARGET = 8.1;
				MTL_ENABLE_DEBUG_INFO = NO;
				SDKROOT = iphoneos;
				VALIDATE_PRODUCT = YES;
			};
			name = Release;
		};
		10F2BCD21A5B9EA900A0D26C /* Debug */ = {
			isa = XCBuildConfiguration;
			buildSettings = {
				ASSETCATALOG_COMPILER_APPICON_NAME = AppIcon;
				INFOPLIST_FILE = "$(SRCROOT)/Demo/Info.plist";
				IPHONEOS_DEPLOYMENT_TARGET = 7.0;
				LD_RUNPATH_SEARCH_PATHS = "$(inherited) @executable_path/Frameworks";
				PRODUCT_NAME = "$(TARGET_NAME)";
			};
			name = Debug;
		};
		10F2BCD31A5B9EA900A0D26C /* Release */ = {
			isa = XCBuildConfiguration;
			buildSettings = {
				ASSETCATALOG_COMPILER_APPICON_NAME = AppIcon;
				INFOPLIST_FILE = "$(SRCROOT)/Demo/Info.plist";
				IPHONEOS_DEPLOYMENT_TARGET = 7.0;
				LD_RUNPATH_SEARCH_PATHS = "$(inherited) @executable_path/Frameworks";
				PRODUCT_NAME = "$(TARGET_NAME)";
			};
			name = Release;
		};
		10F2BCD51A5B9EA900A0D26C /* Debug */ = {
			isa = XCBuildConfiguration;
			buildSettings = {
				BUNDLE_LOADER = "$(TEST_HOST)";
				FRAMEWORK_SEARCH_PATHS = (
					"$(SDKROOT)/Developer/Library/Frameworks",
					"$(inherited)",
				);
				GCC_PREPROCESSOR_DEFINITIONS = (
					"DEBUG=1",
					"$(inherited)",
				);
				INFOPLIST_FILE = ReactorTests/Info.plist;
				LD_RUNPATH_SEARCH_PATHS = "$(inherited) @executable_path/Frameworks @loader_path/Frameworks";
				PRODUCT_NAME = "$(TARGET_NAME)";
				TEST_HOST = "$(BUILT_PRODUCTS_DIR)/Reactor.app/Reactor";
			};
			name = Debug;
		};
		10F2BCD61A5B9EA900A0D26C /* Release */ = {
			isa = XCBuildConfiguration;
			buildSettings = {
				BUNDLE_LOADER = "$(TEST_HOST)";
				FRAMEWORK_SEARCH_PATHS = (
					"$(SDKROOT)/Developer/Library/Frameworks",
					"$(inherited)",
				);
				INFOPLIST_FILE = ReactorTests/Info.plist;
				LD_RUNPATH_SEARCH_PATHS = "$(inherited) @executable_path/Frameworks @loader_path/Frameworks";
				PRODUCT_NAME = "$(TARGET_NAME)";
				TEST_HOST = "$(BUILT_PRODUCTS_DIR)/Reactor.app/Reactor";
			};
			name = Release;
		};
/* End XCBuildConfiguration section */

/* Begin XCConfigurationList section */
		10F2BCA91A5B9EA900A0D26C /* Build configuration list for PBXProject "Reactor" */ = {
			isa = XCConfigurationList;
			buildConfigurations = (
				10F2BCCF1A5B9EA900A0D26C /* Debug */,
				10F2BCD01A5B9EA900A0D26C /* Release */,
			);
			defaultConfigurationIsVisible = 0;
			defaultConfigurationName = Release;
		};
		10F2BCD11A5B9EA900A0D26C /* Build configuration list for PBXNativeTarget "Reactor" */ = {
			isa = XCConfigurationList;
			buildConfigurations = (
				10F2BCD21A5B9EA900A0D26C /* Debug */,
				10F2BCD31A5B9EA900A0D26C /* Release */,
			);
			defaultConfigurationIsVisible = 0;
			defaultConfigurationName = Release;
		};
		10F2BCD41A5B9EA900A0D26C /* Build configuration list for PBXNativeTarget "ReactorTests" */ = {
			isa = XCConfigurationList;
			buildConfigurations = (
				10F2BCD51A5B9EA900A0D26C /* Debug */,
				10F2BCD61A5B9EA900A0D26C /* Release */,
			);
			defaultConfigurationIsVisible = 0;
			defaultConfigurationName = Release;
		};
/* End XCConfigurationList section */
	};
	rootObject = 10F2BCA61A5B9EA900A0D26C /* Project object */;
}
